
Microsoft Visual Studio Solution File, Format Version 12.00
# Visual Studio Version 17
VisualStudioVersion = 17.3.32929.385
MinimumVisualStudioVersion = 10.0.40219.1
Project("{FAE04EC0-301F-11D3-BF4B-00C04F79EFBC}") = "Lab_01", "Lab_01\Lab_01.csproj", "{CD40690D-682F-4AE3-87E0-4FAF2EF5923B}"
EndProject
Global
	GlobalSection(SolutionConfigurationPlatforms) = preSolution
		Debug|Any CPU = Debug|Any CPU
		Release|Any CPU = Release|Any CPU
	EndGlobalSection
	GlobalSection(ProjectConfigurationPlatforms) = postSolution
		{CD40690D-682F-4AE3-87E0-4FAF2EF5923B}.Debug|Any CPU.ActiveCfg = Debug|Any CPU
		{CD40690D-682F-4AE3-87E0-4FAF2EF5923B}.Debug|Any CPU.Build.0 = Debug|Any CPU
		{CD40690D-682F-4AE3-87E0-4FAF2EF5923B}.Release|Any CPU.ActiveCfg = Release|Any CPU
		{CD40690D-682F-4AE3-87E0-4FAF2EF5923B}.Release|Any CPU.Build.0 = Release|Any CPU
	EndGlobalSection
	GlobalSection(SolutionProperties) = preSolution
		HideSolutionNode = FALSE
	EndGlobalSection
	GlobalSection(ExtensibilityGlobals) = postSolution
		SolutionGuid = {34820591-0213-46CD-9411-81E2683C209E}
	EndGlobalSection
EndGlobal
